
Microsoft Visual Studio Solution File, Format Version 12.00
# Visual Studio Version 17
VisualStudioVersion = 17.5.33627.172
MinimumVisualStudioVersion = 10.0.40219.1
Project("{FAE04EC0-301F-11D3-BF4B-00C04F79EFBC}") = "De2_dethimau", "De2_dethimau\De2_dethimau.csproj", "{E2E1E06B-C2E6-425A-948D-747E889A1D8B}"
EndProject
Global
	GlobalSection(SolutionConfigurationPlatforms) = preSolution
		Debug|Any CPU = Debug|Any CPU
		Release|Any CPU = Release|Any CPU
	EndGlobalSection
	GlobalSection(ProjectConfigurationPlatforms) = postSolution
		{E2E1E06B-C2E6-425A-948D-747E889A1D8B}.Debug|Any CPU.ActiveCfg = Debug|Any CPU
		{E2E1E06B-C2E6-425A-948D-747E889A1D8B}.Debug|Any CPU.Build.0 = Debug|Any CPU
		{E2E1E06B-C2E6-425A-948D-747E889A1D8B}.Release|Any CPU.ActiveCfg = Release|Any CPU
		{E2E1E06B-C2E6-425A-948D-747E889A1D8B}.Release|Any CPU.Build.0 = Release|Any CPU
	EndGlobalSection
	GlobalSection(SolutionProperties) = preSolution
		HideSolutionNode = FALSE
	EndGlobalSection
	GlobalSection(ExtensibilityGlobals) = postSolution
		SolutionGuid = {43B6B0C5-FEB8-4F25-8A2C-505C676DBAD0}
	EndGlobalSection
EndGlobal
